
Microsoft Visual Studio Solution File, Format Version 12.00
# Visual Studio Version 16
VisualStudioVersion = 16.0.29403.142
MinimumVisualStudioVersion = 10.0.40219.1
Project("{8BC9CEB8-8B4A-11D0-8D11-00A0C91BC942}") = "programowanie-2_06-03-2020", "programowanie-2_06-03-2020\programowanie-2_06-03-2020.vcxproj", "{FBACBA4E-79A6-4B58-BED5-D19F40778154}"
EndProject
Global
	GlobalSection(SolutionConfigurationPlatforms) = preSolution
		Debug|x64 = Debug|x64
		Debug|x86 = Debug|x86
		Release|x64 = Release|x64
		Release|x86 = Release|x86
	EndGlobalSection
	GlobalSection(ProjectConfigurationPlatforms) = postSolution
		{FBACBA4E-79A6-4B58-BED5-D19F40778154}.Debug|x64.ActiveCfg = Debug|x64
		{FBACBA4E-79A6-4B58-BED5-D19F40778154}.Debug|x64.Build.0 = Debug|x64
		{FBACBA4E-79A6-4B58-BED5-D19F40778154}.Debug|x86.ActiveCfg = Debug|Win32
		{FBACBA4E-79A6-4B58-BED5-D19F40778154}.Debug|x86.Build.0 = Debug|Win32
		{FBACBA4E-79A6-4B58-BED5-D19F40778154}.Release|x64.ActiveCfg = Release|x64
		{FBACBA4E-79A6-4B58-BED5-D19F40778154}.Release|x64.Build.0 = Release|x64
		{FBACBA4E-79A6-4B58-BED5-D19F40778154}.Release|x86.ActiveCfg = Release|Win32
		{FBACBA4E-79A6-4B58-BED5-D19F40778154}.Release|x86.Build.0 = Release|Win32
	EndGlobalSection
	GlobalSection(SolutionProperties) = preSolution
		HideSolutionNode = FALSE
	EndGlobalSection
	GlobalSection(ExtensibilityGlobals) = postSolution
		SolutionGuid = {08FBC1F1-913E-49B0-A1A2-539BFCC6ADBE}
	EndGlobalSection
EndGlobal
