
Microsoft Visual Studio Solution File, Format Version 12.00
# Visual Studio Version 16
VisualStudioVersion = 16.0.29403.142
MinimumVisualStudioVersion = 10.0.40219.1
Project("{8BC9CEB8-8B4A-11D0-8D11-00A0C91BC942}") = "programowanie-2_17-03-2020_zadanie", "programowanie-2_17-03-2020_zadanie\programowanie-2_17-03-2020_zadanie.vcxproj", "{533AE2EA-8C17-4A4F-859F-F0D0F30FF9F6}"
EndProject
Global
	GlobalSection(SolutionConfigurationPlatforms) = preSolution
		Debug|x64 = Debug|x64
		Debug|x86 = Debug|x86
		Release|x64 = Release|x64
		Release|x86 = Release|x86
	EndGlobalSection
	GlobalSection(ProjectConfigurationPlatforms) = postSolution
		{533AE2EA-8C17-4A4F-859F-F0D0F30FF9F6}.Debug|x64.ActiveCfg = Debug|x64
		{533AE2EA-8C17-4A4F-859F-F0D0F30FF9F6}.Debug|x64.Build.0 = Debug|x64
		{533AE2EA-8C17-4A4F-859F-F0D0F30FF9F6}.Debug|x86.ActiveCfg = Debug|Win32
		{533AE2EA-8C17-4A4F-859F-F0D0F30FF9F6}.Debug|x86.Build.0 = Debug|Win32
		{533AE2EA-8C17-4A4F-859F-F0D0F30FF9F6}.Release|x64.ActiveCfg = Release|x64
		{533AE2EA-8C17-4A4F-859F-F0D0F30FF9F6}.Release|x64.Build.0 = Release|x64
		{533AE2EA-8C17-4A4F-859F-F0D0F30FF9F6}.Release|x86.ActiveCfg = Release|Win32
		{533AE2EA-8C17-4A4F-859F-F0D0F30FF9F6}.Release|x86.Build.0 = Release|Win32
	EndGlobalSection
	GlobalSection(SolutionProperties) = preSolution
		HideSolutionNode = FALSE
	EndGlobalSection
	GlobalSection(ExtensibilityGlobals) = postSolution
		SolutionGuid = {38C0B441-C96A-4B8C-88F0-462DBCCF2E51}
	EndGlobalSection
EndGlobal
